
Microsoft Visual Studio Solution File, Format Version 12.00
# Visual Studio Version 17
VisualStudioVersion = 17.9.34728.123
MinimumVisualStudioVersion = 10.0.40219.1
Project("{9A19103F-16F7-4668-BE54-9A1E7A4F7556}") = "BrightnessAdjustmentServer", "BrightnessAdjustmentServer.csproj", "{F96A6219-5DA5-49E8-9BB9-B41B23EE18C3}"
EndProject
Project("{54435603-DBB4-11D2-8724-00A0C9A8B90C}") = "CLHE_Server_Seutp", "..\CLHE_Server_Seutp\CLHE_Server_Seutp.vdproj", "{8AD9C3A6-0976-438B-8E1D-A18731E5B7C5}"
EndProject
Global
	GlobalSection(SolutionConfigurationPlatforms) = preSolution
		Debug|Any CPU = Debug|Any CPU
		Release|Any CPU = Release|Any CPU
	EndGlobalSection
	GlobalSection(ProjectConfigurationPlatforms) = postSolution
		{F96A6219-5DA5-49E8-9BB9-B41B23EE18C3}.Debug|Any CPU.ActiveCfg = Debug|Any CPU
		{F96A6219-5DA5-49E8-9BB9-B41B23EE18C3}.Debug|Any CPU.Build.0 = Debug|Any CPU
		{F96A6219-5DA5-49E8-9BB9-B41B23EE18C3}.Release|Any CPU.ActiveCfg = Release|Any CPU
		{F96A6219-5DA5-49E8-9BB9-B41B23EE18C3}.Release|Any CPU.Build.0 = Release|Any CPU
		{8AD9C3A6-0976-438B-8E1D-A18731E5B7C5}.Debug|Any CPU.ActiveCfg = Release
		{8AD9C3A6-0976-438B-8E1D-A18731E5B7C5}.Release|Any CPU.ActiveCfg = Release
	EndGlobalSection
	GlobalSection(SolutionProperties) = preSolution
		HideSolutionNode = FALSE
	EndGlobalSection
	GlobalSection(ExtensibilityGlobals) = postSolution
		SolutionGuid = {8B3B394E-D7B4-4FA2-A500-B48A55E1FD8B}
	EndGlobalSection
EndGlobal
