
Microsoft Visual Studio Solution File, Format Version 12.00
# Visual Studio Version 17
VisualStudioVersion = 17.9.34728.123
MinimumVisualStudioVersion = 10.0.40219.1
Project("{FAE04EC0-301F-11D3-BF4B-00C04F79EFBC}") = "BrightnessAdjustmentServer", "BrightnessAdjustmentServer.csproj", "{F96A6219-5DA5-49E8-9BB9-B41B23EE18C3}"
EndProject
Global
	GlobalSection(SolutionConfigurationPlatforms) = preSolution
		Debug|Any CPU = Debug|Any CPU
		Release|Any CPU = Release|Any CPU
	EndGlobalSection
	GlobalSection(ProjectConfigurationPlatforms) = postSolution
		{F96A6219-5DA5-49E8-9BB9-B41B23EE18C3}.Debug|Any CPU.ActiveCfg = Debug|Any CPU
		{F96A6219-5DA5-49E8-9BB9-B41B23EE18C3}.Debug|Any CPU.Build.0 = Debug|Any CPU
		{F96A6219-5DA5-49E8-9BB9-B41B23EE18C3}.Release|Any CPU.ActiveCfg = Release|Any CPU
		{F96A6219-5DA5-49E8-9BB9-B41B23EE18C3}.Release|Any CPU.Build.0 = Release|Any CPU
	EndGlobalSection
	GlobalSection(SolutionProperties) = preSolution
		HideSolutionNode = FALSE
	EndGlobalSection
	GlobalSection(ExtensibilityGlobals) = postSolution
		SolutionGuid = {8B3B394E-D7B4-4FA2-A500-B48A55E1FD8B}
	EndGlobalSection
EndGlobal
